// !$*UTF8*$!
{
	archiveVersion = 1;
	classes = {
	};
	objectVersion = 46;
	objects = {

/* Begin PBXBuildFile section */
		3002AAA916C997FA00CBC428 /* RCLabel.m in Sources */ = {isa = PBXBuildFile; fileRef = 3002AAA816C997FA00CBC428 /* RCLabel.m */; settings = {COMPILER_FLAGS = "-fno-objc-arc"; }; };
		3002AAAB16C998D900CBC428 /* CoreText.framework in Frameworks */ = {isa = PBXBuildFile; fileRef = 3002AAAA16C998D900CBC428 /* CoreText.framework */; };
		3002AAAD16C9990900CBC428 /* libicucore.dylib in Frameworks */ = {isa = PBXBuildFile; fileRef = 3002AAAC16C9990900CBC428 /* libicucore.dylib */; };
		3002AAF516CA486F00CBC428 /* ELTweetGenerator.m in Sources */ = {isa = PBXBuildFile; fileRef = 3002AAF416CA486F00CBC428 /* ELTweetGenerator.m */; };
		3002AAF816CA630300CBC428 /* ELImages.m in Sources */ = {isa = PBXBuildFile; fileRef = 3002AAF716CA630300CBC428 /* ELImages.m */; };
		3004715F16AD329A00DB4A81 /* Cell.xib in Resources */ = {isa = PBXBuildFile; fileRef = 3004715E16AD329A00DB4A81 /* Cell.xib */; };
		3004716616AD35AF00DB4A81 /* ELNearbyListViewController.m in Sources */ = {isa = PBXBuildFile; fileRef = 3004716416AD35AF00DB4A81 /* ELNearbyListViewController.m */; };
		3004716716AD35AF00DB4A81 /* ELNearbyListViewController.xib in Resources */ = {isa = PBXBuildFile; fileRef = 3004716516AD35AF00DB4A81 /* ELNearbyListViewController.xib */; };
		3004716A16AD3D9100DB4A81 /* ELRESTful.m in Sources */ = {isa = PBXBuildFile; fileRef = 3004716916AD3D9100DB4A81 /* ELRESTful.m */; };
		3004717316AD68AA00DB4A81 /* Cell.m in Sources */ = {isa = PBXBuildFile; fileRef = 3004717016AD68AA00DB4A81 /* Cell.m */; };
		3004717416AD68AA00DB4A81 /* CustomCellBackground.m in Sources */ = {isa = PBXBuildFile; fileRef = 3004717216AD68AA00DB4A81 /* CustomCellBackground.m */; };
		30141DBD175F696A0083F4D4 /* ELFIMappaSession.m in Sources */ = {isa = PBXBuildFile; fileRef = 30141DBC175F696A0083F4D4 /* ELFIMappaSession.m */; };
		3029729B16D37144004943D0 /* NSDate+Helper.m in Sources */ = {isa = PBXBuildFile; fileRef = 3029729A16D37144004943D0 /* NSDate+Helper.m */; settings = {COMPILER_FLAGS = "-fno-objc-arc"; }; };
		303BC4FA174E2A3100A3B52B /* ELInfoViewController.m in Sources */ = {isa = PBXBuildFile; fileRef = 303BC4F8174E2A3100A3B52B /* ELInfoViewController.m */; };
		303BC4FB174E2A3100A3B52B /* ELInfoViewController.xib in Resources */ = {isa = PBXBuildFile; fileRef = 303BC4F9174E2A3100A3B52B /* ELInfoViewController.xib */; };
		304496E116D4B76400CAD52D /* JMImageCache.m in Sources */ = {isa = PBXBuildFile; fileRef = 304496DE16D4B76400CAD52D /* JMImageCache.m */; };
		304496E216D4B76400CAD52D /* UIImageView+JMImageCache.m in Sources */ = {isa = PBXBuildFile; fileRef = 304496E016D4B76400CAD52D /* UIImageView+JMImageCache.m */; };
		304496EB16D4D0D100CAD52D /* Default@2x.png in Resources */ = {isa = PBXBuildFile; fileRef = 304496E916D4D0D100CAD52D /* Default@2x.png */; };
		304496EC16D4D0D100CAD52D /* Default.png in Resources */ = {isa = PBXBuildFile; fileRef = 304496EA16D4D0D100CAD52D /* Default.png */; };
		3058AB2F16AEC0C100F1E959 /* Cell2.xib in Resources */ = {isa = PBXBuildFile; fileRef = 3058AB2E16AEC0C100F1E959 /* Cell2.xib */; };
		3058AB7316AF2ED500F1E959 /* AFImageDownloader.m in Sources */ = {isa = PBXBuildFile; fileRef = 3058AB7016AF2ED500F1E959 /* AFImageDownloader.m */; };
		3058AB7416AF2ED500F1E959 /* NSData+AFDecompression.m in Sources */ = {isa = PBXBuildFile; fileRef = 3058AB7216AF2ED500F1E959 /* NSData+AFDecompression.m */; };
		3058AB7716AFD9A800F1E959 /* ELBridgingApp.m in Sources */ = {isa = PBXBuildFile; fileRef = 3058AB7616AFD9A800F1E959 /* ELBridgingApp.m */; };
		3058AB7B16AFE49800F1E959 /* ELSearchViewController.m in Sources */ = {isa = PBXBuildFile; fileRef = 3058AB7916AFE49800F1E959 /* ELSearchViewController.m */; };
		3058AB7C16AFE49800F1E959 /* ELSearchViewController.xib in Resources */ = {isa = PBXBuildFile; fileRef = 3058AB7A16AFE49800F1E959 /* ELSearchViewController.xib */; };
		3058AB8016B0105F00F1E959 /* ELFeatureViewController.m in Sources */ = {isa = PBXBuildFile; fileRef = 3058AB7E16B0105F00F1E959 /* ELFeatureViewController.m */; };
		3058AB8116B0105F00F1E959 /* ELFeatureViewController.xib in Resources */ = {isa = PBXBuildFile; fileRef = 3058AB7F16B0105F00F1E959 /* ELFeatureViewController.xib */; };
		3058AC0716B1D28F00F1E959 /* ELHomeScreenViewController.m in Sources */ = {isa = PBXBuildFile; fileRef = 3058AC0516B1D28F00F1E959 /* ELHomeScreenViewController.m */; };
		3058AC0816B1D28F00F1E959 /* ELHomeScreenViewController.xib in Resources */ = {isa = PBXBuildFile; fileRef = 3058AC0616B1D28F00F1E959 /* ELHomeScreenViewController.xib */; };
		3058AC0D16B2968800F1E959 /* revisions.txt in Resources */ = {isa = PBXBuildFile; fileRef = 3058AC0C16B2968700F1E959 /* revisions.txt */; };
		3058AC1316B298BD00F1E959 /* user.png in Resources */ = {isa = PBXBuildFile; fileRef = 3058AC1016B298BC00F1E959 /* user.png */; };
		306A792A1771A9E000219C35 /* ELMosiacCell.m in Sources */ = {isa = PBXBuildFile; fileRef = 306A79291771A9E000219C35 /* ELMosiacCell.m */; };
		306A792C1771A9FD00219C35 /* ELMosiacCell.xib in Resources */ = {isa = PBXBuildFile; fileRef = 306A792B1771A9FD00219C35 /* ELMosiacCell.xib */; };
		309ECBA016A580610064E88A /* ELFeature.m in Sources */ = {isa = PBXBuildFile; fileRef = 309ECB9F16A580610064E88A /* ELFeature.m */; };
		309ECBA416A5831C0064E88A /* ELUser.m in Sources */ = {isa = PBXBuildFile; fileRef = 309ECBA316A5831C0064E88A /* ELUser.m */; };
		309ECBC016A7F0540064E88A /* TTTTimeIntervalFormatter.m in Sources */ = {isa = PBXBuildFile; fileRef = 309ECBBF16A7F0540064E88A /* TTTTimeIntervalFormatter.m */; settings = {COMPILER_FLAGS = "-fno-objc-arc"; }; };
		30B59927169D571900565438 /* UIKit.framework in Frameworks */ = {isa = PBXBuildFile; fileRef = 30B59926169D571900565438 /* UIKit.framework */; };
		30B59929169D571900565438 /* Foundation.framework in Frameworks */ = {isa = PBXBuildFile; fileRef = 30B59928169D571900565438 /* Foundation.framework */; };
		30B5992B169D571900565438 /* CoreGraphics.framework in Frameworks */ = {isa = PBXBuildFile; fileRef = 30B5992A169D571900565438 /* CoreGraphics.framework */; };
		30B59931169D571900565438 /* InfoPlist.strings in Resources */ = {isa = PBXBuildFile; fileRef = 30B5992F169D571900565438 /* InfoPlist.strings */; };
		30B59933169D571900565438 /* main.m in Sources */ = {isa = PBXBuildFile; fileRef = 30B59932169D571900565438 /* main.m */; };
		30B59937169D571900565438 /* ELAppDelegate.m in Sources */ = {isa = PBXBuildFile; fileRef = 30B59936169D571900565438 /* ELAppDelegate.m */; };
		30B59946169D575300565438 /* ELContentViewController.m in Sources */ = {isa = PBXBuildFile; fileRef = 30B59944169D575300565438 /* ELContentViewController.m */; };
		30B59947169D575300565438 /* ELContentViewController.xib in Resources */ = {isa = PBXBuildFile; fileRef = 30B59945169D575300565438 /* ELContentViewController.xib */; };
		30B5995C169D5DAD00565438 /* IMAlbumPhotoCell.m in Sources */ = {isa = PBXBuildFile; fileRef = 30B59957169D5DAD00565438 /* IMAlbumPhotoCell.m */; };
		30B5995D169D5DAD00565438 /* IMPhotoAlbumLayout.m in Sources */ = {isa = PBXBuildFile; fileRef = 30B59959169D5DAD00565438 /* IMPhotoAlbumLayout.m */; };
		30B59962169D77D400565438 /* CoreLocation.framework in Frameworks */ = {isa = PBXBuildFile; fileRef = 30B59961169D77D400565438 /* CoreLocation.framework */; };
		30B59972169EAC7000565438 /* default_user_icon.jpg in Resources */ = {isa = PBXBuildFile; fileRef = 30B59971169EAC7000565438 /* default_user_icon.jpg */; };
		30B5999B16A0121D00565438 /* menubar.png in Resources */ = {isa = PBXBuildFile; fileRef = 30B5999A16A0121D00565438 /* menubar.png */; };
		30E8A5E8175F84EE005FFAE0 /* instagram.png in Resources */ = {isa = PBXBuildFile; fileRef = 30E8A5E3175F84EE005FFAE0 /* instagram.png */; };
		30E8A5E9175F84EE005FFAE0 /* listloading304px.png in Resources */ = {isa = PBXBuildFile; fileRef = 30E8A5E4175F84EE005FFAE0 /* listloading304px.png */; };
		30E8A5EA175F84EE005FFAE0 /* mappa.png in Resources */ = {isa = PBXBuildFile; fileRef = 30E8A5E5175F84EE005FFAE0 /* mappa.png */; };
		30E8A5EB175F84EE005FFAE0 /* mapped_instagram1.png in Resources */ = {isa = PBXBuildFile; fileRef = 30E8A5E6175F84EE005FFAE0 /* mapped_instagram1.png */; };
		30E8A5EC175F84EE005FFAE0 /* optionPOI35.png in Resources */ = {isa = PBXBuildFile; fileRef = 30E8A5E7175F84EE005FFAE0 /* optionPOI35.png */; };
		30E8A5EE175F8842005FFAE0 /* empty304px.png in Resources */ = {isa = PBXBuildFile; fileRef = 30E8A5ED175F8842005FFAE0 /* empty304px.png */; };
		30E8A5F2175F8BE0005FFAE0 /* mosaic_bg3x107.png in Resources */ = {isa = PBXBuildFile; fileRef = 30E8A5F1175F8BE0005FFAE0 /* mosaic_bg3x107.png */; };
		30ECB62F17554B6600A1FA50 /* AMAttributedHighlightLabel.m in Sources */ = {isa = PBXBuildFile; fileRef = 30ECB62E17554B6600A1FA50 /* AMAttributedHighlightLabel.m */; };
		30F2904416E8B89E006E1112 /* ELUserFeaturesCVController.m in Sources */ = {isa = PBXBuildFile; fileRef = 30F2904216E8B89E006E1112 /* ELUserFeaturesCVController.m */; };
		30F2904516E8B89E006E1112 /* ELUserFeaturesCVController.xib in Resources */ = {isa = PBXBuildFile; fileRef = 30F2904316E8B89E006E1112 /* ELUserFeaturesCVController.xib */; };
		30F2904716E8BF65006E1112 /* Default-568h@2x.png in Resources */ = {isa = PBXBuildFile; fileRef = 30F2904616E8BF65006E1112 /* Default-568h@2x.png */; };
		30F2904B16E8C4AE006E1112 /* ELHashedFeatureCVController.m in Sources */ = {isa = PBXBuildFile; fileRef = 30F2904916E8C4AE006E1112 /* ELHashedFeatureCVController.m */; };
		30F2904C16E8C4AE006E1112 /* ELHashedFeatureCVController.xib in Resources */ = {isa = PBXBuildFile; fileRef = 30F2904A16E8C4AE006E1112 /* ELHashedFeatureCVController.xib */; };
		30F9F25F16B9D90F00E40DE8 /* ELRecentListViewController.m in Sources */ = {isa = PBXBuildFile; fileRef = 30F9F25D16B9D90E00E40DE8 /* ELRecentListViewController.m */; };
		30F9F26016B9D90F00E40DE8 /* ELRecentListViewController.xib in Resources */ = {isa = PBXBuildFile; fileRef = 30F9F25E16B9D90E00E40DE8 /* ELRecentListViewController.xib */; };
/* End PBXBuildFile section */

/* Begin PBXFileReference section */
		3002AAA716C997FA00CBC428 /* RCLabel.h */ = {isa = PBXFileReference; fileEncoding = 4; lastKnownFileType = sourcecode.c.h; path = RCLabel.h; sourceTree = "<group>"; };
		3002AAA816C997FA00CBC428 /* RCLabel.m */ = {isa = PBXFileReference; fileEncoding = 4; lastKnownFileType = sourcecode.c.objc; path = RCLabel.m; sourceTree = "<group>"; };
		3002AAAA16C998D900CBC428 /* CoreText.framework */ = {isa = PBXFileReference; lastKnownFileType = wrapper.framework; name = CoreText.framework; path = System/Library/Frameworks/CoreText.framework; sourceTree = SDKROOT; };
		3002AAAC16C9990900CBC428 /* libicucore.dylib */ = {isa = PBXFileReference; lastKnownFileType = "compiled.mach-o.dylib"; name = libicucore.dylib; path = usr/lib/libicucore.dylib; sourceTree = SDKROOT; };
		3002AAF316CA486F00CBC428 /* ELTweetGenerator.h */ = {isa = PBXFileReference; fileEncoding = 4; lastKnownFileType = sourcecode.c.h; path = ELTweetGenerator.h; sourceTree = "<group>"; };
		3002AAF416CA486F00CBC428 /* ELTweetGenerator.m */ = {isa = PBXFileReference; fileEncoding = 4; lastKnownFileType = sourcecode.c.objc; path = ELTweetGenerator.m; sourceTree = "<group>"; };
		3002AAF616CA630300CBC428 /* ELImages.h */ = {isa = PBXFileReference; fileEncoding = 4; lastKnownFileType = sourcecode.c.h; path = ELImages.h; sourceTree = "<group>"; };
		3002AAF716CA630300CBC428 /* ELImages.m */ = {isa = PBXFileReference; fileEncoding = 4; lastKnownFileType = sourcecode.c.objc; path = ELImages.m; sourceTree = "<group>"; };
		3004715E16AD329A00DB4A81 /* Cell.xib */ = {isa = PBXFileReference; fileEncoding = 4; lastKnownFileType = file.xib; path = Cell.xib; sourceTree = "<group>"; };
		3004716316AD35AF00DB4A81 /* ELNearbyListViewController.h */ = {isa = PBXFileReference; fileEncoding = 4; lastKnownFileType = sourcecode.c.h; path = ELNearbyListViewController.h; sourceTree = "<group>"; };
		3004716416AD35AF00DB4A81 /* ELNearbyListViewController.m */ = {isa = PBXFileReference; fileEncoding = 4; lastKnownFileType = sourcecode.c.objc; path = ELNearbyListViewController.m; sourceTree = "<group>"; };
		3004716516AD35AF00DB4A81 /* ELNearbyListViewController.xib */ = {isa = PBXFileReference; fileEncoding = 4; lastKnownFileType = file.xib; path = ELNearbyListViewController.xib; sourceTree = "<group>"; };
		3004716816AD3D9100DB4A81 /* ELRESTful.h */ = {isa = PBXFileReference; fileEncoding = 4; lastKnownFileType = sourcecode.c.h; path = ELRESTful.h; sourceTree = "<group>"; };
		3004716916AD3D9100DB4A81 /* ELRESTful.m */ = {isa = PBXFileReference; fileEncoding = 4; lastKnownFileType = sourcecode.c.objc; path = ELRESTful.m; sourceTree = "<group>"; };
		3004716F16AD68AA00DB4A81 /* Cell.h */ = {isa = PBXFileReference; fileEncoding = 4; lastKnownFileType = sourcecode.c.h; path = Cell.h; sourceTree = "<group>"; };
		3004717016AD68AA00DB4A81 /* Cell.m */ = {isa = PBXFileReference; fileEncoding = 4; lastKnownFileType = sourcecode.c.objc; path = Cell.m; sourceTree = "<group>"; };
		3004717116AD68AA00DB4A81 /* CustomCellBackground.h */ = {isa = PBXFileReference; fileEncoding = 4; lastKnownFileType = sourcecode.c.h; path = CustomCellBackground.h; sourceTree = "<group>"; };
		3004717216AD68AA00DB4A81 /* CustomCellBackground.m */ = {isa = PBXFileReference; fileEncoding = 4; lastKnownFileType = sourcecode.c.objc; path = CustomCellBackground.m; sourceTree = "<group>"; };
		30141DBB175F696A0083F4D4 /* ELFIMappaSession.h */ = {isa = PBXFileReference; fileEncoding = 4; lastKnownFileType = sourcecode.c.h; path = ELFIMappaSession.h; sourceTree = "<group>"; };
		30141DBC175F696A0083F4D4 /* ELFIMappaSession.m */ = {isa = PBXFileReference; fileEncoding = 4; lastKnownFileType = sourcecode.c.objc; path = ELFIMappaSession.m; sourceTree = "<group>"; };
		3029729916D37144004943D0 /* NSDate+Helper.h */ = {isa = PBXFileReference; fileEncoding = 4; lastKnownFileType = sourcecode.c.h; path = "NSDate+Helper.h"; sourceTree = "<group>"; };
		3029729A16D37144004943D0 /* NSDate+Helper.m */ = {isa = PBXFileReference; fileEncoding = 4; lastKnownFileType = sourcecode.c.objc; path = "NSDate+Helper.m"; sourceTree = "<group>"; };
		303BC4F7174E2A3100A3B52B /* ELInfoViewController.h */ = {isa = PBXFileReference; fileEncoding = 4; lastKnownFileType = sourcecode.c.h; path = ELInfoViewController.h; sourceTree = "<group>"; };
		303BC4F8174E2A3100A3B52B /* ELInfoViewController.m */ = {isa = PBXFileReference; fileEncoding = 4; lastKnownFileType = sourcecode.c.objc; path = ELInfoViewController.m; sourceTree = "<group>"; };
		303BC4F9174E2A3100A3B52B /* ELInfoViewController.xib */ = {isa = PBXFileReference; fileEncoding = 4; lastKnownFileType = file.xib; path = ELInfoViewController.xib; sourceTree = "<group>"; };
		304496DD16D4B76400CAD52D /* JMImageCache.h */ = {isa = PBXFileReference; fileEncoding = 4; lastKnownFileType = sourcecode.c.h; path = JMImageCache.h; sourceTree = "<group>"; };
		304496DE16D4B76400CAD52D /* JMImageCache.m */ = {isa = PBXFileReference; fileEncoding = 4; lastKnownFileType = sourcecode.c.objc; path = JMImageCache.m; sourceTree = "<group>"; };
		304496DF16D4B76400CAD52D /* UIImageView+JMImageCache.h */ = {isa = PBXFileReference; fileEncoding = 4; lastKnownFileType = sourcecode.c.h; path = "UIImageView+JMImageCache.h"; sourceTree = "<group>"; };
		304496E016D4B76400CAD52D /* UIImageView+JMImageCache.m */ = {isa = PBXFileReference; fileEncoding = 4; lastKnownFileType = sourcecode.c.objc; path = "UIImageView+JMImageCache.m"; sourceTree = "<group>"; };
		304496E916D4D0D100CAD52D /* Default@2x.png */ = {isa = PBXFileReference; lastKnownFileType = image.png; path = "Default@2x.png"; sourceTree = "<group>"; };
		304496EA16D4D0D100CAD52D /* Default.png */ = {isa = PBXFileReference; lastKnownFileType = image.png; path = Default.png; sourceTree = "<group>"; };
		3058AB2E16AEC0C100F1E959 /* Cell2.xib */ = {isa = PBXFileReference; fileEncoding = 4; lastKnownFileType = file.xib; path = Cell2.xib; sourceTree = "<group>"; };
		3058AB6F16AF2ED500F1E959 /* AFImageDownloader.h */ = {isa = PBXFileReference; fileEncoding = 4; lastKnownFileType = sourcecode.c.h; path = AFImageDownloader.h; sourceTree = "<group>"; };
		3058AB7016AF2ED500F1E959 /* AFImageDownloader.m */ = {isa = PBXFileReference; fileEncoding = 4; lastKnownFileType = sourcecode.c.objc; path = AFImageDownloader.m; sourceTree = "<group>"; };
		3058AB7116AF2ED500F1E959 /* NSData+AFDecompression.h */ = {isa = PBXFileReference; fileEncoding = 4; lastKnownFileType = sourcecode.c.h; path = "NSData+AFDecompression.h"; sourceTree = "<group>"; };
		3058AB7216AF2ED500F1E959 /* NSData+AFDecompression.m */ = {isa = PBXFileReference; fileEncoding = 4; lastKnownFileType = sourcecode.c.objc; path = "NSData+AFDecompression.m"; sourceTree = "<group>"; };
		3058AB7516AFD9A800F1E959 /* ELBridgingApp.h */ = {isa = PBXFileReference; fileEncoding = 4; lastKnownFileType = sourcecode.c.h; path = ELBridgingApp.h; sourceTree = "<group>"; };
		3058AB7616AFD9A800F1E959 /* ELBridgingApp.m */ = {isa = PBXFileReference; fileEncoding = 4; lastKnownFileType = sourcecode.c.objc; path = ELBridgingApp.m; sourceTree = "<group>"; };
		3058AB7816AFE49800F1E959 /* ELSearchViewController.h */ = {isa = PBXFileReference; fileEncoding = 4; lastKnownFileType = sourcecode.c.h; path = ELSearchViewController.h; sourceTree = "<group>"; };
		3058AB7916AFE49800F1E959 /* ELSearchViewController.m */ = {isa = PBXFileReference; fileEncoding = 4; lastKnownFileType = sourcecode.c.objc; path = ELSearchViewController.m; sourceTree = "<group>"; };
		3058AB7A16AFE49800F1E959 /* ELSearchViewController.xib */ = {isa = PBXFileReference; fileEncoding = 4; lastKnownFileType = file.xib; path = ELSearchViewController.xib; sourceTree = "<group>"; };
		3058AB7D16B0105F00F1E959 /* ELFeatureViewController.h */ = {isa = PBXFileReference; fileEncoding = 4; lastKnownFileType = sourcecode.c.h; path = ELFeatureViewController.h; sourceTree = "<group>"; };
		3058AB7E16B0105F00F1E959 /* ELFeatureViewController.m */ = {isa = PBXFileReference; fileEncoding = 4; lastKnownFileType = sourcecode.c.objc; path = ELFeatureViewController.m; sourceTree = "<group>"; };
		3058AB7F16B0105F00F1E959 /* ELFeatureViewController.xib */ = {isa = PBXFileReference; fileEncoding = 4; lastKnownFileType = file.xib; path = ELFeatureViewController.xib; sourceTree = "<group>"; };
		3058AC0416B1D28F00F1E959 /* ELHomeScreenViewController.h */ = {isa = PBXFileReference; fileEncoding = 4; lastKnownFileType = sourcecode.c.h; path = ELHomeScreenViewController.h; sourceTree = "<group>"; };
		3058AC0516B1D28F00F1E959 /* ELHomeScreenViewController.m */ = {isa = PBXFileReference; fileEncoding = 4; lastKnownFileType = sourcecode.c.objc; path = ELHomeScreenViewController.m; sourceTree = "<group>"; };
		3058AC0616B1D28F00F1E959 /* ELHomeScreenViewController.xib */ = {isa = PBXFileReference; fileEncoding = 4; lastKnownFileType = file.xib; path = ELHomeScreenViewController.xib; sourceTree = "<group>"; };
		3058AC0C16B2968700F1E959 /* revisions.txt */ = {isa = PBXFileReference; fileEncoding = 4; lastKnownFileType = text; path = revisions.txt; sourceTree = "<group>"; };
		3058AC1016B298BC00F1E959 /* user.png */ = {isa = PBXFileReference; lastKnownFileType = image.png; path = user.png; sourceTree = "<group>"; };
		3058AC1816B2BC5000F1E959 /* ELConstants.h */ = {isa = PBXFileReference; fileEncoding = 4; lastKnownFileType = sourcecode.c.h; path = ELConstants.h; sourceTree = "<group>"; };
		306A79281771A9E000219C35 /* ELMosiacCell.h */ = {isa = PBXFileReference; fileEncoding = 4; lastKnownFileType = sourcecode.c.h; path = ELMosiacCell.h; sourceTree = "<group>"; };
		306A79291771A9E000219C35 /* ELMosiacCell.m */ = {isa = PBXFileReference; fileEncoding = 4; lastKnownFileType = sourcecode.c.objc; path = ELMosiacCell.m; sourceTree = "<group>"; };
		306A792B1771A9FD00219C35 /* ELMosiacCell.xib */ = {isa = PBXFileReference; fileEncoding = 4; lastKnownFileType = file.xib; path = ELMosiacCell.xib; sourceTree = "<group>"; };
		309ECB9E16A580610064E88A /* ELFeature.h */ = {isa = PBXFileReference; fileEncoding = 4; lastKnownFileType = sourcecode.c.h; path = ELFeature.h; sourceTree = "<group>"; };
		309ECB9F16A580610064E88A /* ELFeature.m */ = {isa = PBXFileReference; fileEncoding = 4; lastKnownFileType = sourcecode.c.objc; path = ELFeature.m; sourceTree = "<group>"; };
		309ECBA216A5831C0064E88A /* ELUser.h */ = {isa = PBXFileReference; fileEncoding = 4; lastKnownFileType = sourcecode.c.h; path = ELUser.h; sourceTree = "<group>"; };
		309ECBA316A5831C0064E88A /* ELUser.m */ = {isa = PBXFileReference; fileEncoding = 4; lastKnownFileType = sourcecode.c.objc; path = ELUser.m; sourceTree = "<group>"; };
		309ECBBE16A7F0540064E88A /* TTTTimeIntervalFormatter.h */ = {isa = PBXFileReference; fileEncoding = 4; lastKnownFileType = sourcecode.c.h; path = TTTTimeIntervalFormatter.h; sourceTree = "<group>"; };
		309ECBBF16A7F0540064E88A /* TTTTimeIntervalFormatter.m */ = {isa = PBXFileReference; fileEncoding = 4; lastKnownFileType = sourcecode.c.objc; path = TTTTimeIntervalFormatter.m; sourceTree = "<group>"; };
		30B59922169D571900565438 /* Geo Contents.app */ = {isa = PBXFileReference; explicitFileType = wrapper.application; includeInIndex = 0; path = "Geo Contents.app"; sourceTree = BUILT_PRODUCTS_DIR; };
		30B59926169D571900565438 /* UIKit.framework */ = {isa = PBXFileReference; lastKnownFileType = wrapper.framework; name = UIKit.framework; path = System/Library/Frameworks/UIKit.framework; sourceTree = SDKROOT; };
		30B59928169D571900565438 /* Foundation.framework */ = {isa = PBXFileReference; lastKnownFileType = wrapper.framework; name = Foundation.framework; path = System/Library/Frameworks/Foundation.framework; sourceTree = SDKROOT; };
		30B5992A169D571900565438 /* CoreGraphics.framework */ = {isa = PBXFileReference; lastKnownFileType = wrapper.framework; name = CoreGraphics.framework; path = System/Library/Frameworks/CoreGraphics.framework; sourceTree = SDKROOT; };
		30B5992E169D571900565438 /* Geo Contents-Info.plist */ = {isa = PBXFileReference; lastKnownFileType = text.plist.xml; path = "Geo Contents-Info.plist"; sourceTree = "<group>"; };
		30B59930169D571900565438 /* en */ = {isa = PBXFileReference; lastKnownFileType = text.plist.strings; name = en; path = en.lproj/InfoPlist.strings; sourceTree = "<group>"; };
		30B59932169D571900565438 /* main.m */ = {isa = PBXFileReference; lastKnownFileType = sourcecode.c.objc; path = main.m; sourceTree = "<group>"; };
		30B59934169D571900565438 /* Geo Contents-Prefix.pch */ = {isa = PBXFileReference; lastKnownFileType = sourcecode.c.h; path = "Geo Contents-Prefix.pch"; sourceTree = "<group>"; };
		30B59935169D571900565438 /* ELAppDelegate.h */ = {isa = PBXFileReference; lastKnownFileType = sourcecode.c.h; path = ELAppDelegate.h; sourceTree = "<group>"; };
		30B59936169D571900565438 /* ELAppDelegate.m */ = {isa = PBXFileReference; lastKnownFileType = sourcecode.c.objc; path = ELAppDelegate.m; sourceTree = "<group>"; };
		30B59943169D575300565438 /* ELContentViewController.h */ = {isa = PBXFileReference; fileEncoding = 4; lastKnownFileType = sourcecode.c.h; path = ELContentViewController.h; sourceTree = "<group>"; };
		30B59944169D575300565438 /* ELContentViewController.m */ = {isa = PBXFileReference; fileEncoding = 4; lastKnownFileType = sourcecode.c.objc; path = ELContentViewController.m; sourceTree = "<group>"; };
		30B59945169D575300565438 /* ELContentViewController.xib */ = {isa = PBXFileReference; fileEncoding = 4; lastKnownFileType = file.xib; path = ELContentViewController.xib; sourceTree = "<group>"; };
		30B59956169D5DAD00565438 /* IMAlbumPhotoCell.h */ = {isa = PBXFileReference; fileEncoding = 4; lastKnownFileType = sourcecode.c.h; path = IMAlbumPhotoCell.h; sourceTree = "<group>"; };
		30B59957169D5DAD00565438 /* IMAlbumPhotoCell.m */ = {isa = PBXFileReference; fileEncoding = 4; lastKnownFileType = sourcecode.c.objc; path = IMAlbumPhotoCell.m; sourceTree = "<group>"; };
		30B59958169D5DAD00565438 /* IMPhotoAlbumLayout.h */ = {isa = PBXFileReference; fileEncoding = 4; lastKnownFileType = sourcecode.c.h; path = IMPhotoAlbumLayout.h; sourceTree = "<group>"; };
		30B59959169D5DAD00565438 /* IMPhotoAlbumLayout.m */ = {isa = PBXFileReference; fileEncoding = 4; lastKnownFileType = sourcecode.c.objc; path = IMPhotoAlbumLayout.m; sourceTree = "<group>"; };
		30B59961169D77D400565438 /* CoreLocation.framework */ = {isa = PBXFileReference; lastKnownFileType = wrapper.framework; name = CoreLocation.framework; path = System/Library/Frameworks/CoreLocation.framework; sourceTree = SDKROOT; };
		30B59971169EAC7000565438 /* default_user_icon.jpg */ = {isa = PBXFileReference; lastKnownFileType = image.jpeg; path = default_user_icon.jpg; sourceTree = "<group>"; };
		30B5999A16A0121D00565438 /* menubar.png */ = {isa = PBXFileReference; lastKnownFileType = image.png; path = menubar.png; sourceTree = "<group>"; };
		30E8A5E3175F84EE005FFAE0 /* instagram.png */ = {isa = PBXFileReference; lastKnownFileType = image.png; path = instagram.png; sourceTree = "<group>"; };
		30E8A5E4175F84EE005FFAE0 /* listloading304px.png */ = {isa = PBXFileReference; lastKnownFileType = image.png; path = listloading304px.png; sourceTree = "<group>"; };
		30E8A5E5175F84EE005FFAE0 /* mappa.png */ = {isa = PBXFileReference; lastKnownFileType = image.png; path = mappa.png; sourceTree = "<group>"; };
		30E8A5E6175F84EE005FFAE0 /* mapped_instagram1.png */ = {isa = PBXFileReference; lastKnownFileType = image.png; path = mapped_instagram1.png; sourceTree = "<group>"; };
		30E8A5E7175F84EE005FFAE0 /* optionPOI35.png */ = {isa = PBXFileReference; lastKnownFileType = image.png; path = optionPOI35.png; sourceTree = "<group>"; };
		30E8A5ED175F8842005FFAE0 /* empty304px.png */ = {isa = PBXFileReference; lastKnownFileType = image.png; path = empty304px.png; sourceTree = "<group>"; };
		30E8A5F1175F8BE0005FFAE0 /* mosaic_bg3x107.png */ = {isa = PBXFileReference; lastKnownFileType = image.png; path = mosaic_bg3x107.png; sourceTree = "<group>"; };
		30ECB62D17554B6600A1FA50 /* AMAttributedHighlightLabel.h */ = {isa = PBXFileReference; fileEncoding = 4; lastKnownFileType = sourcecode.c.h; path = AMAttributedHighlightLabel.h; sourceTree = "<group>"; };
		30ECB62E17554B6600A1FA50 /* AMAttributedHighlightLabel.m */ = {isa = PBXFileReference; fileEncoding = 4; lastKnownFileType = sourcecode.c.objc; path = AMAttributedHighlightLabel.m; sourceTree = "<group>"; };
		30F2904116E8B89E006E1112 /* ELUserFeaturesCVController.h */ = {isa = PBXFileReference; fileEncoding = 4; lastKnownFileType = sourcecode.c.h; path = ELUserFeaturesCVController.h; sourceTree = "<group>"; };
		30F2904216E8B89E006E1112 /* ELUserFeaturesCVController.m */ = {isa = PBXFileReference; fileEncoding = 4; lastKnownFileType = sourcecode.c.objc; path = ELUserFeaturesCVController.m; sourceTree = "<group>"; };
		30F2904316E8B89E006E1112 /* ELUserFeaturesCVController.xib */ = {isa = PBXFileReference; fileEncoding = 4; lastKnownFileType = file.xib; path = ELUserFeaturesCVController.xib; sourceTree = "<group>"; };
		30F2904616E8BF65006E1112 /* Default-568h@2x.png */ = {isa = PBXFileReference; lastKnownFileType = image.png; path = "Default-568h@2x.png"; sourceTree = "<group>"; };
		30F2904816E8C4AE006E1112 /* ELHashedFeatureCVController.h */ = {isa = PBXFileReference; fileEncoding = 4; lastKnownFileType = sourcecode.c.h; path = ELHashedFeatureCVController.h; sourceTree = "<group>"; };
		30F2904916E8C4AE006E1112 /* ELHashedFeatureCVController.m */ = {isa = PBXFileReference; fileEncoding = 4; lastKnownFileType = sourcecode.c.objc; path = ELHashedFeatureCVController.m; sourceTree = "<group>"; };
		30F2904A16E8C4AE006E1112 /* ELHashedFeatureCVController.xib */ = {isa = PBXFileReference; fileEncoding = 4; lastKnownFileType = file.xib; path = ELHashedFeatureCVController.xib; sourceTree = "<group>"; };
		30F9F25C16B9D90E00E40DE8 /* ELRecentListViewController.h */ = {isa = PBXFileReference; fileEncoding = 4; lastKnownFileType = sourcecode.c.h; path = ELRecentListViewController.h; sourceTree = "<group>"; };
		30F9F25D16B9D90E00E40DE8 /* ELRecentListViewController.m */ = {isa = PBXFileReference; fileEncoding = 4; lastKnownFileType = sourcecode.c.objc; path = ELRecentListViewController.m; sourceTree = "<group>"; };
		30F9F25E16B9D90E00E40DE8 /* ELRecentListViewController.xib */ = {isa = PBXFileReference; fileEncoding = 4; lastKnownFileType = file.xib; path = ELRecentListViewController.xib; sourceTree = "<group>"; };
/* End PBXFileReference section */

/* Begin PBXFrameworksBuildPhase section */
		30B5991F169D571900565438 /* Frameworks */ = {
			isa = PBXFrameworksBuildPhase;
			buildActionMask = 2147483647;
			files = (
				3002AAAD16C9990900CBC428 /* libicucore.dylib in Frameworks */,
				3002AAAB16C998D900CBC428 /* CoreText.framework in Frameworks */,
				30B59962169D77D400565438 /* CoreLocation.framework in Frameworks */,
				30B59927169D571900565438 /* UIKit.framework in Frameworks */,
				30B59929169D571900565438 /* Foundation.framework in Frameworks */,
				30B5992B169D571900565438 /* CoreGraphics.framework in Frameworks */,
			);
			runOnlyForDeploymentPostprocessing = 0;
		};
/* End PBXFrameworksBuildPhase section */

/* Begin PBXGroup section */
		30141DB8175F613F0083F4D4 /* UI Elements */ = {
			isa = PBXGroup;
			children = (
				30E8A5F1175F8BE0005FFAE0 /* mosaic_bg3x107.png */,
				30E8A5ED175F8842005FFAE0 /* empty304px.png */,
				30E8A5E3175F84EE005FFAE0 /* instagram.png */,
				30E8A5E4175F84EE005FFAE0 /* listloading304px.png */,
				30E8A5E5175F84EE005FFAE0 /* mappa.png */,
				30E8A5E6175F84EE005FFAE0 /* mapped_instagram1.png */,
				30E8A5E7175F84EE005FFAE0 /* optionPOI35.png */,
			);
			name = "UI Elements";
			sourceTree = "<group>";
		};
		304496DC16D4B6C200CAD52D /* JMImageCache */ = {
			isa = PBXGroup;
			children = (
				304496DD16D4B76400CAD52D /* JMImageCache.h */,
				304496DE16D4B76400CAD52D /* JMImageCache.m */,
				304496DF16D4B76400CAD52D /* UIImageView+JMImageCache.h */,
				304496E016D4B76400CAD52D /* UIImageView+JMImageCache.m */,
			);
			name = JMImageCache;
			sourceTree = "<group>";
		};
		304496E816D4D0C100CAD52D /* splash screen */ = {
			isa = PBXGroup;
			children = (
				304496E916D4D0D100CAD52D /* Default@2x.png */,
				304496EA16D4D0D100CAD52D /* Default.png */,
			);
			name = "splash screen";
			sourceTree = "<group>";
		};
		30B59917169D571900565438 = {
			isa = PBXGroup;
			children = (
				30F2904616E8BF65006E1112 /* Default-568h@2x.png */,
				3002AAAC16C9990900CBC428 /* libicucore.dylib */,
				3002AAAA16C998D900CBC428 /* CoreText.framework */,
				30B59961169D77D400565438 /* CoreLocation.framework */,
				30B5992C169D571900565438 /* Geo Contents */,
				30B59925169D571900565438 /* Frameworks */,
				30B59923169D571900565438 /* Products */,
			);
			sourceTree = "<group>";
		};
		30B59923169D571900565438 /* Products */ = {
			isa = PBXGroup;
			children = (
				30B59922169D571900565438 /* Geo Contents.app */,
			);
			name = Products;
			sourceTree = "<group>";
		};
		30B59925169D571900565438 /* Frameworks */ = {
			isa = PBXGroup;
			children = (
				30B59926169D571900565438 /* UIKit.framework */,
				30B59928169D571900565438 /* Foundation.framework */,
				30B5992A169D571900565438 /* CoreGraphics.framework */,
			);
			name = Frameworks;
			sourceTree = "<group>";
		};
		30B5992C169D571900565438 /* Geo Contents */ = {
			isa = PBXGroup;
			children = (
				3058AC0C16B2968700F1E959 /* revisions.txt */,
				30B59935169D571900565438 /* ELAppDelegate.h */,
				30B59936169D571900565438 /* ELAppDelegate.m */,
				303BC4F7174E2A3100A3B52B /* ELInfoViewController.h */,
				303BC4F8174E2A3100A3B52B /* ELInfoViewController.m */,
				303BC4F9174E2A3100A3B52B /* ELInfoViewController.xib */,
				3058AC0416B1D28F00F1E959 /* ELHomeScreenViewController.h */,
				3058AC0516B1D28F00F1E959 /* ELHomeScreenViewController.m */,
				3058AC0616B1D28F00F1E959 /* ELHomeScreenViewController.xib */,
				30B59943169D575300565438 /* ELContentViewController.h */,
				30B59944169D575300565438 /* ELContentViewController.m */,
				30B59945169D575300565438 /* ELContentViewController.xib */,
				3058AB7816AFE49800F1E959 /* ELSearchViewController.h */,
				3058AB7916AFE49800F1E959 /* ELSearchViewController.m */,
				3058AB7A16AFE49800F1E959 /* ELSearchViewController.xib */,
				3004716316AD35AF00DB4A81 /* ELNearbyListViewController.h */,
				3004716416AD35AF00DB4A81 /* ELNearbyListViewController.m */,
				3004716516AD35AF00DB4A81 /* ELNearbyListViewController.xib */,
				30F9F25C16B9D90E00E40DE8 /* ELRecentListViewController.h */,
				30F9F25D16B9D90E00E40DE8 /* ELRecentListViewController.m */,
				30F9F25E16B9D90E00E40DE8 /* ELRecentListViewController.xib */,
				30F2904116E8B89E006E1112 /* ELUserFeaturesCVController.h */,
				30F2904216E8B89E006E1112 /* ELUserFeaturesCVController.m */,
				30F2904316E8B89E006E1112 /* ELUserFeaturesCVController.xib */,
				30F2904816E8C4AE006E1112 /* ELHashedFeatureCVController.h */,
				30F2904916E8C4AE006E1112 /* ELHashedFeatureCVController.m */,
				30F2904A16E8C4AE006E1112 /* ELHashedFeatureCVController.xib */,
				3058AB7D16B0105F00F1E959 /* ELFeatureViewController.h */,
				3058AB7E16B0105F00F1E959 /* ELFeatureViewController.m */,
				3058AB7F16B0105F00F1E959 /* ELFeatureViewController.xib */,
				30B59960169D5DCA00565438 /* layouts */,
				30B5995E169D5DB300565438 /* models */,
				30B5995F169D5DC200565438 /* views */,
				30B599A416A02DE600565438 /* Utils */,
				30B5992D169D571900565438 /* Supporting Files */,
			);
			path = "Geo Contents";
			sourceTree = "<group>";
		};
		30B5992D169D571900565438 /* Supporting Files */ = {
			isa = PBXGroup;
			children = (
				30141DB8175F613F0083F4D4 /* UI Elements */,
				304496E816D4D0C100CAD52D /* splash screen */,
				3058AC1016B298BC00F1E959 /* user.png */,
				30B5999A16A0121D00565438 /* menubar.png */,
				30B59971169EAC7000565438 /* default_user_icon.jpg */,
				30B5992E169D571900565438 /* Geo Contents-Info.plist */,
				30B5992F169D571900565438 /* InfoPlist.strings */,
				30B59932169D571900565438 /* main.m */,
				30B59934169D571900565438 /* Geo Contents-Prefix.pch */,
			);
			name = "Supporting Files";
			sourceTree = "<group>";
		};
		30B5995E169D5DB300565438 /* models */ = {
			isa = PBXGroup;
			children = (
				309ECB9E16A580610064E88A /* ELFeature.h */,
				309ECB9F16A580610064E88A /* ELFeature.m */,
				309ECBA216A5831C0064E88A /* ELUser.h */,
				309ECBA316A5831C0064E88A /* ELUser.m */,
				3002AAF616CA630300CBC428 /* ELImages.h */,
				3002AAF716CA630300CBC428 /* ELImages.m */,
			);
			name = models;
			sourceTree = "<group>";
		};
		30B5995F169D5DC200565438 /* views */ = {
			isa = PBXGroup;
			children = (
				3004716F16AD68AA00DB4A81 /* Cell.h */,
				3004717016AD68AA00DB4A81 /* Cell.m */,
				3004715E16AD329A00DB4A81 /* Cell.xib */,
				30B59956169D5DAD00565438 /* IMAlbumPhotoCell.h */,
				30B59957169D5DAD00565438 /* IMAlbumPhotoCell.m */,
				306A79281771A9E000219C35 /* ELMosiacCell.h */,
				306A79291771A9E000219C35 /* ELMosiacCell.m */,
				306A792B1771A9FD00219C35 /* ELMosiacCell.xib */,
			);
			name = views;
			sourceTree = "<group>";
		};
		30B59960169D5DCA00565438 /* layouts */ = {
			isa = PBXGroup;
			children = (
				30B59958169D5DAD00565438 /* IMPhotoAlbumLayout.h */,
				30B59959169D5DAD00565438 /* IMPhotoAlbumLayout.m */,
			);
			name = layouts;
			sourceTree = "<group>";
		};
		30B599A416A02DE600565438 /* Utils */ = {
			isa = PBXGroup;
			children = (
				30141DBB175F696A0083F4D4 /* ELFIMappaSession.h */,
				30141DBC175F696A0083F4D4 /* ELFIMappaSession.m */,
				30ECB62C17554B5400A1FA50 /* hashfinder */,
				304496DC16D4B6C200CAD52D /* JMImageCache */,
				3002AAA716C997FA00CBC428 /* RCLabel.h */,
				3002AAA816C997FA00CBC428 /* RCLabel.m */,
				3058AB6F16AF2ED500F1E959 /* AFImageDownloader.h */,
				3058AB7016AF2ED500F1E959 /* AFImageDownloader.m */,
				3058AB7116AF2ED500F1E959 /* NSData+AFDecompression.h */,
				3058AB7216AF2ED500F1E959 /* NSData+AFDecompression.m */,
				3058AB2E16AEC0C100F1E959 /* Cell2.xib */,
				3004717116AD68AA00DB4A81 /* CustomCellBackground.h */,
				3004717216AD68AA00DB4A81 /* CustomCellBackground.m */,
				309ECBBE16A7F0540064E88A /* TTTTimeIntervalFormatter.h */,
				309ECBBF16A7F0540064E88A /* TTTTimeIntervalFormatter.m */,
				3004716816AD3D9100DB4A81 /* ELRESTful.h */,
				3004716916AD3D9100DB4A81 /* ELRESTful.m */,
				3058AB7516AFD9A800F1E959 /* ELBridgingApp.h */,
				3058AB7616AFD9A800F1E959 /* ELBridgingApp.m */,
				3058AC1816B2BC5000F1E959 /* ELConstants.h */,
				3002AAF316CA486F00CBC428 /* ELTweetGenerator.h */,
				3002AAF416CA486F00CBC428 /* ELTweetGenerator.m */,
				3029729916D37144004943D0 /* NSDate+Helper.h */,
				3029729A16D37144004943D0 /* NSDate+Helper.m */,
			);
			name = Utils;
			sourceTree = "<group>";
		};
		30ECB62C17554B5400A1FA50 /* hashfinder */ = {
			isa = PBXGroup;
			children = (
				30ECB62D17554B6600A1FA50 /* AMAttributedHighlightLabel.h */,
				30ECB62E17554B6600A1FA50 /* AMAttributedHighlightLabel.m */,
			);
			name = hashfinder;
			sourceTree = "<group>";
		};
/* End PBXGroup section */

/* Begin PBXNativeTarget section */
		30B59921169D571900565438 /* Geo Contents */ = {
			isa = PBXNativeTarget;
			buildConfigurationList = 30B59940169D571900565438 /* Build configuration list for PBXNativeTarget "Geo Contents" */;
			buildPhases = (
				30B5991E169D571900565438 /* Sources */,
				30B5991F169D571900565438 /* Frameworks */,
				30B59920169D571900565438 /* Resources */,
			);
			buildRules = (
			);
			dependencies = (
			);
			name = "Geo Contents";
			productName = "Geo Contents";
			productReference = 30B59922169D571900565438 /* Geo Contents.app */;
			productType = "com.apple.product-type.application";
		};
/* End PBXNativeTarget section */

/* Begin PBXProject section */
		30B59919169D571900565438 /* Project object */ = {
			isa = PBXProject;
			attributes = {
				CLASSPREFIX = EL;
				LastUpgradeCheck = 0450;
				ORGANIZATIONNAME = InterMedia;
			};
			buildConfigurationList = 30B5991C169D571900565438 /* Build configuration list for PBXProject "Geo Contents" */;
			compatibilityVersion = "Xcode 3.2";
			developmentRegion = English;
			hasScannedForEncodings = 0;
			knownRegions = (
				en,
			);
			mainGroup = 30B59917169D571900565438;
			productRefGroup = 30B59923169D571900565438 /* Products */;
			projectDirPath = "";
			projectRoot = "";
			targets = (
				30B59921169D571900565438 /* Geo Contents */,
			);
		};
/* End PBXProject section */

/* Begin PBXResourcesBuildPhase section */
		30B59920169D571900565438 /* Resources */ = {
			isa = PBXResourcesBuildPhase;
			buildActionMask = 2147483647;
			files = (
				30B59931169D571900565438 /* InfoPlist.strings in Resources */,
				30B59947169D575300565438 /* ELContentViewController.xib in Resources */,
				30B59972169EAC7000565438 /* default_user_icon.jpg in Resources */,
				30B5999B16A0121D00565438 /* menubar.png in Resources */,
				3004715F16AD329A00DB4A81 /* Cell.xib in Resources */,
				3004716716AD35AF00DB4A81 /* ELNearbyListViewController.xib in Resources */,
				3058AB2F16AEC0C100F1E959 /* Cell2.xib in Resources */,
				3058AB7C16AFE49800F1E959 /* ELSearchViewController.xib in Resources */,
				3058AB8116B0105F00F1E959 /* ELFeatureViewController.xib in Resources */,
				3058AC0816B1D28F00F1E959 /* ELHomeScreenViewController.xib in Resources */,
				3058AC0D16B2968800F1E959 /* revisions.txt in Resources */,
				3058AC1316B298BD00F1E959 /* user.png in Resources */,
				30F9F26016B9D90F00E40DE8 /* ELRecentListViewController.xib in Resources */,
				304496EB16D4D0D100CAD52D /* Default@2x.png in Resources */,
				304496EC16D4D0D100CAD52D /* Default.png in Resources */,
				30F2904516E8B89E006E1112 /* ELUserFeaturesCVController.xib in Resources */,
				30F2904716E8BF65006E1112 /* Default-568h@2x.png in Resources */,
				30F2904C16E8C4AE006E1112 /* ELHashedFeatureCVController.xib in Resources */,
				303BC4FB174E2A3100A3B52B /* ELInfoViewController.xib in Resources */,
				30E8A5E8175F84EE005FFAE0 /* instagram.png in Resources */,
				30E8A5E9175F84EE005FFAE0 /* listloading304px.png in Resources */,
				30E8A5EA175F84EE005FFAE0 /* mappa.png in Resources */,
				30E8A5EB175F84EE005FFAE0 /* mapped_instagram1.png in Resources */,
				30E8A5EC175F84EE005FFAE0 /* optionPOI35.png in Resources */,
				30E8A5EE175F8842005FFAE0 /* empty304px.png in Resources */,
				30E8A5F2175F8BE0005FFAE0 /* mosaic_bg3x107.png in Resources */,
				306A792C1771A9FD00219C35 /* ELMosiacCell.xib in Resources */,
			);
			runOnlyForDeploymentPostprocessing = 0;
		};
/* End PBXResourcesBuildPhase section */

/* Begin PBXSourcesBuildPhase section */
		30B5991E169D571900565438 /* Sources */ = {
			isa = PBXSourcesBuildPhase;
			buildActionMask = 2147483647;
			files = (
				30B59933169D571900565438 /* main.m in Sources */,
				30B59937169D571900565438 /* ELAppDelegate.m in Sources */,
				30B59946169D575300565438 /* ELContentViewController.m in Sources */,
				30B5995C169D5DAD00565438 /* IMAlbumPhotoCell.m in Sources */,
				30B5995D169D5DAD00565438 /* IMPhotoAlbumLayout.m in Sources */,
				309ECBA016A580610064E88A /* ELFeature.m in Sources */,
				309ECBA416A5831C0064E88A /* ELUser.m in Sources */,
				309ECBC016A7F0540064E88A /* TTTTimeIntervalFormatter.m in Sources */,
				3004716616AD35AF00DB4A81 /* ELNearbyListViewController.m in Sources */,
				3004716A16AD3D9100DB4A81 /* ELRESTful.m in Sources */,
				3004717316AD68AA00DB4A81 /* Cell.m in Sources */,
				3004717416AD68AA00DB4A81 /* CustomCellBackground.m in Sources */,
				3058AB7316AF2ED500F1E959 /* AFImageDownloader.m in Sources */,
				3058AB7416AF2ED500F1E959 /* NSData+AFDecompression.m in Sources */,
				3058AB7716AFD9A800F1E959 /* ELBridgingApp.m in Sources */,
				3058AB7B16AFE49800F1E959 /* ELSearchViewController.m in Sources */,
				3058AB8016B0105F00F1E959 /* ELFeatureViewController.m in Sources */,
				3058AC0716B1D28F00F1E959 /* ELHomeScreenViewController.m in Sources */,
				30F9F25F16B9D90F00E40DE8 /* ELRecentListViewController.m in Sources */,
				3002AAA916C997FA00CBC428 /* RCLabel.m in Sources */,
				3002AAF516CA486F00CBC428 /* ELTweetGenerator.m in Sources */,
				3002AAF816CA630300CBC428 /* ELImages.m in Sources */,
				3029729B16D37144004943D0 /* NSDate+Helper.m in Sources */,
				304496E116D4B76400CAD52D /* JMImageCache.m in Sources */,
				304496E216D4B76400CAD52D /* UIImageView+JMImageCache.m in Sources */,
				30F2904416E8B89E006E1112 /* ELUserFeaturesCVController.m in Sources */,
				30F2904B16E8C4AE006E1112 /* ELHashedFeatureCVController.m in Sources */,
				303BC4FA174E2A3100A3B52B /* ELInfoViewController.m in Sources */,
				30ECB62F17554B6600A1FA50 /* AMAttributedHighlightLabel.m in Sources */,
				30141DBD175F696A0083F4D4 /* ELFIMappaSession.m in Sources */,
				306A792A1771A9E000219C35 /* ELMosiacCell.m in Sources */,
			);
			runOnlyForDeploymentPostprocessing = 0;
		};
/* End PBXSourcesBuildPhase section */

/* Begin PBXVariantGroup section */
		30B5992F169D571900565438 /* InfoPlist.strings */ = {
			isa = PBXVariantGroup;
			children = (
				30B59930169D571900565438 /* en */,
			);
			name = InfoPlist.strings;
			sourceTree = "<group>";
		};
/* End PBXVariantGroup section */

/* Begin XCBuildConfiguration section */
		30B5993E169D571900565438 /* Debug */ = {
			isa = XCBuildConfiguration;
			buildSettings = {
				ALWAYS_SEARCH_USER_PATHS = NO;
				CLANG_CXX_LANGUAGE_STANDARD = "gnu++0x";
				CLANG_CXX_LIBRARY = "libc++";
				CLANG_ENABLE_OBJC_ARC = YES;
				CLANG_WARN_EMPTY_BODY = YES;
				CLANG_WARN__DUPLICATE_METHOD_MATCH = YES;
				"CODE_SIGN_IDENTITY[sdk=iphoneos*]" = "iPhone Developer: Muhammad Fahied (AWK8WH4LD2)";
				COPY_PHASE_STRIP = NO;
				GCC_C_LANGUAGE_STANDARD = gnu99;
				GCC_DYNAMIC_NO_PIC = NO;
				GCC_OPTIMIZATION_LEVEL = 0;
				GCC_PREPROCESSOR_DEFINITIONS = (
					"DEBUG=1",
					"$(inherited)",
				);
				GCC_SYMBOLS_PRIVATE_EXTERN = NO;
				GCC_WARN_ABOUT_RETURN_TYPE = YES;
				GCC_WARN_UNINITIALIZED_AUTOS = YES;
				GCC_WARN_UNUSED_VARIABLE = YES;
				IPHONEOS_DEPLOYMENT_TARGET = 6.0;
				ONLY_ACTIVE_ARCH = YES;
				"PROVISIONING_PROFILE[sdk=iphoneos*]" = "A1D198E2-2A61-40C2-866E-997BD4B64D10";
				SDKROOT = iphoneos;
			};
			name = Debug;
		};
		30B5993F169D571900565438 /* Release */ = {
			isa = XCBuildConfiguration;
			buildSettings = {
				ALWAYS_SEARCH_USER_PATHS = NO;
				CLANG_CXX_LANGUAGE_STANDARD = "gnu++0x";
				CLANG_CXX_LIBRARY = "libc++";
				CLANG_ENABLE_OBJC_ARC = YES;
				CLANG_WARN_EMPTY_BODY = YES;
				CLANG_WARN__DUPLICATE_METHOD_MATCH = YES;
				"CODE_SIGN_IDENTITY[sdk=iphoneos*]" = "iPhone Developer: Muhammad Fahied (6GLN63X446)";
				COPY_PHASE_STRIP = YES;
				GCC_C_LANGUAGE_STANDARD = gnu99;
				GCC_WARN_ABOUT_RETURN_TYPE = YES;
				GCC_WARN_UNINITIALIZED_AUTOS = YES;
				GCC_WARN_UNUSED_VARIABLE = YES;
				IPHONEOS_DEPLOYMENT_TARGET = 6.0;
				OTHER_CFLAGS = "-DNS_BLOCK_ASSERTIONS=1";
				"PROVISIONING_PROFILE[sdk=iphoneos*]" = "3337CFCA-E976-43D6-BF2A-61FE0D7869A7";
				SDKROOT = iphoneos;
				VALIDATE_PRODUCT = YES;
			};
			name = Release;
		};
		30B59941169D571900565438 /* Debug */ = {
			isa = XCBuildConfiguration;
			buildSettings = {
				CODE_SIGN_IDENTITY = "iPhone Developer: Muhammad Fahied (6GLN63X446)";
				GCC_PRECOMPILE_PREFIX_HEADER = YES;
				GCC_PREFIX_HEADER = "Geo Contents/Geo Contents-Prefix.pch";
				INFOPLIST_FILE = "Geo Contents/Geo Contents-Info.plist";
				PRODUCT_NAME = "$(TARGET_NAME)";
				PROVISIONING_PROFILE = "3337CFCA-E976-43D6-BF2A-61FE0D7869A7";
				WRAPPER_EXTENSION = app;
			};
			name = Debug;
		};
		30B59942169D571900565438 /* Release */ = {
			isa = XCBuildConfiguration;
			buildSettings = {
				CODE_SIGN_IDENTITY = "iPhone Developer: Muhammad Fahied (6GLN63X446)";
				GCC_PRECOMPILE_PREFIX_HEADER = YES;
				GCC_PREFIX_HEADER = "Geo Contents/Geo Contents-Prefix.pch";
				INFOPLIST_FILE = "Geo Contents/Geo Contents-Info.plist";
				PRODUCT_NAME = "$(TARGET_NAME)";
				PROVISIONING_PROFILE = "3337CFCA-E976-43D6-BF2A-61FE0D7869A7";
				WRAPPER_EXTENSION = app;
			};
			name = Release;
		};
/* End XCBuildConfiguration section */

/* Begin XCConfigurationList section */
		30B5991C169D571900565438 /* Build configuration list for PBXProject "Geo Contents" */ = {
			isa = XCConfigurationList;
			buildConfigurations = (
				30B5993E169D571900565438 /* Debug */,
				30B5993F169D571900565438 /* Release */,
			);
			defaultConfigurationIsVisible = 0;
			defaultConfigurationName = Release;
		};
		30B59940169D571900565438 /* Build configuration list for PBXNativeTarget "Geo Contents" */ = {
			isa = XCConfigurationList;
			buildConfigurations = (
				30B59941169D571900565438 /* Debug */,
				30B59942169D571900565438 /* Release */,
			);
			defaultConfigurationIsVisible = 0;
			defaultConfigurationName = Release;
		};
/* End XCConfigurationList section */
	};
	rootObject = 30B59919169D571900565438 /* Project object */;
}
